
Microsoft Visual Studio Solution File, Format Version 12.00
# Visual Studio Version 17
VisualStudioVersion = 17.3.32922.545
MinimumVisualStudioVersion = 10.0.40219.1
Project("{FAE04EC0-301F-11D3-BF4B-00C04F79EFBC}") = "BasicConceptProgram", "BasicConceptProgram\BasicConceptProgram.csproj", "{6BD24B2F-56F3-4BEE-A0E3-7600EE9C2477}"
EndProject
Global
	GlobalSection(SolutionConfigurationPlatforms) = preSolution
		Debug|Any CPU = Debug|Any CPU
		Release|Any CPU = Release|Any CPU
	EndGlobalSection
	GlobalSection(ProjectConfigurationPlatforms) = postSolution
		{6BD24B2F-56F3-4BEE-A0E3-7600EE9C2477}.Debug|Any CPU.ActiveCfg = Debug|Any CPU
		{6BD24B2F-56F3-4BEE-A0E3-7600EE9C2477}.Debug|Any CPU.Build.0 = Debug|Any CPU
		{6BD24B2F-56F3-4BEE-A0E3-7600EE9C2477}.Release|Any CPU.ActiveCfg = Release|Any CPU
		{6BD24B2F-56F3-4BEE-A0E3-7600EE9C2477}.Release|Any CPU.Build.0 = Release|Any CPU
	EndGlobalSection
	GlobalSection(SolutionProperties) = preSolution
		HideSolutionNode = FALSE
	EndGlobalSection
	GlobalSection(ExtensibilityGlobals) = postSolution
		SolutionGuid = {82BEB116-1BB4-4624-B8DD-196E9C384ABB}
	EndGlobalSection
EndGlobal
